
Microsoft Visual Studio Solution File, Format Version 12.00
# Visual Studio Version 17
VisualStudioVersion = 17.1.32210.238
MinimumVisualStudioVersion = 10.0.40219.1
Project("{FAE04EC0-301F-11D3-BF4B-00C04F79EFBC}") = "DiamondKata.DiamondGenerator", "DiamondKata.DiamondGenerator\DiamondKata.DiamondGenerator.csproj", "{8F869DE1-337D-4C98-AB7C-418F4E8AD136}"
EndProject
Project("{FAE04EC0-301F-11D3-BF4B-00C04F79EFBC}") = "DiamondKata.DiamondGeneratorTests", "DiamondKata.DiamondGeneratorTests\DiamondKata.DiamondGeneratorTests.csproj", "{085CC6C9-36C3-46EA-8BD0-99BC8E89B812}"
EndProject
Global
	GlobalSection(SolutionConfigurationPlatforms) = preSolution
		Debug|Any CPU = Debug|Any CPU
		Release|Any CPU = Release|Any CPU
	EndGlobalSection
	GlobalSection(ProjectConfigurationPlatforms) = postSolution
		{8F869DE1-337D-4C98-AB7C-418F4E8AD136}.Debug|Any CPU.ActiveCfg = Debug|Any CPU
		{8F869DE1-337D-4C98-AB7C-418F4E8AD136}.Debug|Any CPU.Build.0 = Debug|Any CPU
		{8F869DE1-337D-4C98-AB7C-418F4E8AD136}.Release|Any CPU.ActiveCfg = Release|Any CPU
		{8F869DE1-337D-4C98-AB7C-418F4E8AD136}.Release|Any CPU.Build.0 = Release|Any CPU
		{085CC6C9-36C3-46EA-8BD0-99BC8E89B812}.Debug|Any CPU.ActiveCfg = Debug|Any CPU
		{085CC6C9-36C3-46EA-8BD0-99BC8E89B812}.Debug|Any CPU.Build.0 = Debug|Any CPU
		{085CC6C9-36C3-46EA-8BD0-99BC8E89B812}.Release|Any CPU.ActiveCfg = Release|Any CPU
		{085CC6C9-36C3-46EA-8BD0-99BC8E89B812}.Release|Any CPU.Build.0 = Release|Any CPU
	EndGlobalSection
	GlobalSection(SolutionProperties) = preSolution
		HideSolutionNode = FALSE
	EndGlobalSection
	GlobalSection(ExtensibilityGlobals) = postSolution
		SolutionGuid = {DD745B24-B5CE-4F75-8B7C-3F8AE2B94BA1}
	EndGlobalSection
EndGlobal
